{
  "name": "@egg-cli-2023/package",
  "version": "1.0.0",
  "lockfileVersion": 2,
  "requires": true,
  "packages": {
    "": {
      "name": "@egg-cli-2023/package",
      "version": "1.0.0",
      "license": "ISC",
      "dependencies": {
        "@egg-cli-2023/utils": "file:../../utils/utils"
      }
    },
    "../../utils/utils": {
      "version": "1.0.4",
      "license": "ISC",
      "dependencies": {
        "@egg-cli-2023/log": "^1.0.4"
      }
    },
    "node_modules/@egg-cli-2023/utils": {
      "resolved": "../../utils/utils",
      "link": true
    }
  },
  "dependencies": {
    "@egg-cli-2023/utils": {
      "version": "file:../../utils/utils",
      "requires": {
        "@egg-cli-2023/log": "^1.0.4"
      }
    }
  }
}
